// !$*UTF8*$!
{
	archiveVersion = 1;
	classes = {
	};
	objectVersion = 50;
	objects = {

/* Begin PBXBuildFile section */
		8773C7FE26D5EC4D00816B18 /* AppDelegate.swift in Sources */ = {isa = PBXBuildFile; fileRef = 8773C7FD26D5EC4D00816B18 /* AppDelegate.swift */; };
		8773C80026D5EC4D00816B18 /* SceneDelegate.swift in Sources */ = {isa = PBXBuildFile; fileRef = 8773C7FF26D5EC4D00816B18 /* SceneDelegate.swift */; };
		8773C80226D5EC4D00816B18 /* WeatherViewController.swift in Sources */ = {isa = PBXBuildFile; fileRef = 8773C80126D5EC4D00816B18 /* WeatherViewController.swift */; };
		8773C80526D5EC4D00816B18 /* Main.storyboard in Resources */ = {isa = PBXBuildFile; fileRef = 8773C80326D5EC4D00816B18 /* Main.storyboard */; };
		8773C80726D5EC4F00816B18 /* Assets.xcassets in Resources */ = {isa = PBXBuildFile; fileRef = 8773C80626D5EC4F00816B18 /* Assets.xcassets */; };
		8773C80A26D5EC4F00816B18 /* LaunchScreen.storyboard in Resources */ = {isa = PBXBuildFile; fileRef = 8773C80826D5EC4F00816B18 /* LaunchScreen.storyboard */; };
		8773C81326D5EC6B00816B18 /* WeatherAPI.swift in Sources */ = {isa = PBXBuildFile; fileRef = 8773C81226D5EC6B00816B18 /* WeatherAPI.swift */; };
		8773C81626D5F06C00816B18 /* WeatherTableViewCell.swift in Sources */ = {isa = PBXBuildFile; fileRef = 8773C81526D5F06C00816B18 /* WeatherTableViewCell.swift */; };
		87A3E4A526D6BE000010A722 /* WeatherEntities.swift in Sources */ = {isa = PBXBuildFile; fileRef = 87A3E4A426D6BE000010A722 /* WeatherEntities.swift */; };
/* End PBXBuildFile section */

/* Begin PBXFileReference section */
		8773C7FA26D5EC4D00816B18 /* WeatherApp.app */ = {isa = PBXFileReference; explicitFileType = wrapper.application; includeInIndex = 0; path = WeatherApp.app; sourceTree = BUILT_PRODUCTS_DIR; };
		8773C7FD26D5EC4D00816B18 /* AppDelegate.swift */ = {isa = PBXFileReference; lastKnownFileType = sourcecode.swift; path = AppDelegate.swift; sourceTree = "<group>"; };
		8773C7FF26D5EC4D00816B18 /* SceneDelegate.swift */ = {isa = PBXFileReference; lastKnownFileType = sourcecode.swift; path = SceneDelegate.swift; sourceTree = "<group>"; };
		8773C80126D5EC4D00816B18 /* WeatherViewController.swift */ = {isa = PBXFileReference; lastKnownFileType = sourcecode.swift; path = WeatherViewController.swift; sourceTree = "<group>"; };
		8773C80426D5EC4D00816B18 /* Base */ = {isa = PBXFileReference; lastKnownFileType = file.storyboard; name = Base; path = Base.lproj/Main.storyboard; sourceTree = "<group>"; };
		8773C80626D5EC4F00816B18 /* Assets.xcassets */ = {isa = PBXFileReference; lastKnownFileType = folder.assetcatalog; path = Assets.xcassets; sourceTree = "<group>"; };
		8773C80926D5EC4F00816B18 /* Base */ = {isa = PBXFileReference; lastKnownFileType = file.storyboard; name = Base; path = Base.lproj/LaunchScreen.storyboard; sourceTree = "<group>"; };
		8773C80B26D5EC4F00816B18 /* Info.plist */ = {isa = PBXFileReference; lastKnownFileType = text.plist.xml; path = Info.plist; sourceTree = "<group>"; };
		8773C81226D5EC6B00816B18 /* WeatherAPI.swift */ = {isa = PBXFileReference; lastKnownFileType = sourcecode.swift; path = WeatherAPI.swift; sourceTree = "<group>"; };
		8773C81526D5F06C00816B18 /* WeatherTableViewCell.swift */ = {isa = PBXFileReference; lastKnownFileType = sourcecode.swift; path = WeatherTableViewCell.swift; sourceTree = "<group>"; };
		87A3E4A426D6BE000010A722 /* WeatherEntities.swift */ = {isa = PBXFileReference; lastKnownFileType = sourcecode.swift; path = WeatherEntities.swift; sourceTree = "<group>"; };
/* End PBXFileReference section */

/* Begin PBXFrameworksBuildPhase section */
		8773C7F726D5EC4D00816B18 /* Frameworks */ = {
			isa = PBXFrameworksBuildPhase;
			buildActionMask = 2147483647;
			files = (
			);
			runOnlyForDeploymentPostprocessing = 0;
		};
/* End PBXFrameworksBuildPhase section */

/* Begin PBXGroup section */
		8773C7F126D5EC4D00816B18 = {
			isa = PBXGroup;
			children = (
				8773C7FC26D5EC4D00816B18 /* WeatherApp */,
				8773C7FB26D5EC4D00816B18 /* Products */,
			);
			sourceTree = "<group>";
		};
		8773C7FB26D5EC4D00816B18 /* Products */ = {
			isa = PBXGroup;
			children = (
				8773C7FA26D5EC4D00816B18 /* WeatherApp.app */,
			);
			name = Products;
			sourceTree = "<group>";
		};
		8773C7FC26D5EC4D00816B18 /* WeatherApp */ = {
			isa = PBXGroup;
			children = (
				87A3E4A326D6BDEA0010A722 /* WeatherEntieties */,
				8773C81426D5F05800816B18 /* WeatherViewCell */,
				8773C81126D5EC5600816B18 /* WeatherAPI */,
				8773C7FD26D5EC4D00816B18 /* AppDelegate.swift */,
				8773C7FF26D5EC4D00816B18 /* SceneDelegate.swift */,
				8773C80126D5EC4D00816B18 /* WeatherViewController.swift */,
				8773C80326D5EC4D00816B18 /* Main.storyboard */,
				8773C80626D5EC4F00816B18 /* Assets.xcassets */,
				8773C80826D5EC4F00816B18 /* LaunchScreen.storyboard */,
				8773C80B26D5EC4F00816B18 /* Info.plist */,
			);
			path = WeatherApp;
			sourceTree = "<group>";
		};
		8773C81126D5EC5600816B18 /* WeatherAPI */ = {
			isa = PBXGroup;
			children = (
				8773C81226D5EC6B00816B18 /* WeatherAPI.swift */,
			);
			path = WeatherAPI;
			sourceTree = "<group>";
		};
		8773C81426D5F05800816B18 /* WeatherViewCell */ = {
			isa = PBXGroup;
			children = (
				8773C81526D5F06C00816B18 /* WeatherTableViewCell.swift */,
			);
			path = WeatherViewCell;
			sourceTree = "<group>";
		};
		87A3E4A326D6BDEA0010A722 /* WeatherEntieties */ = {
			isa = PBXGroup;
			children = (
				87A3E4A426D6BE000010A722 /* WeatherEntities.swift */,
			);
			path = WeatherEntieties;
			sourceTree = "<group>";
		};
/* End PBXGroup section */

/* Begin PBXNativeTarget section */
		8773C7F926D5EC4D00816B18 /* WeatherApp */ = {
			isa = PBXNativeTarget;
			buildConfigurationList = 8773C80E26D5EC4F00816B18 /* Build configuration list for PBXNativeTarget "WeatherApp" */;
			buildPhases = (
				8773C7F626D5EC4D00816B18 /* Sources */,
				8773C7F726D5EC4D00816B18 /* Frameworks */,
				8773C7F826D5EC4D00816B18 /* Resources */,
			);
			buildRules = (
			);
			dependencies = (
			);
			name = WeatherApp;
			productName = WeatherApp;
			productReference = 8773C7FA26D5EC4D00816B18 /* WeatherApp.app */;
			productType = "com.apple.product-type.application";
		};
/* End PBXNativeTarget section */

/* Begin PBXProject section */
		8773C7F226D5EC4D00816B18 /* Project object */ = {
			isa = PBXProject;
			attributes = {
				LastSwiftUpdateCheck = 1250;
				LastUpgradeCheck = 1250;
				TargetAttributes = {
					8773C7F926D5EC4D00816B18 = {
						CreatedOnToolsVersion = 12.5.1;
					};
				};
			};
			buildConfigurationList = 8773C7F526D5EC4D00816B18 /* Build configuration list for PBXProject "WeatherApp" */;
			compatibilityVersion = "Xcode 9.3";
			developmentRegion = en;
			hasScannedForEncodings = 0;
			knownRegions = (
				en,
				Base,
			);
			mainGroup = 8773C7F126D5EC4D00816B18;
			productRefGroup = 8773C7FB26D5EC4D00816B18 /* Products */;
			projectDirPath = "";
			projectRoot = "";
			targets = (
				8773C7F926D5EC4D00816B18 /* WeatherApp */,
			);
		};
/* End PBXProject section */

/* Begin PBXResourcesBuildPhase section */
		8773C7F826D5EC4D00816B18 /* Resources */ = {
			isa = PBXResourcesBuildPhase;
			buildActionMask = 2147483647;
			files = (
				8773C80A26D5EC4F00816B18 /* LaunchScreen.storyboard in Resources */,
				8773C80726D5EC4F00816B18 /* Assets.xcassets in Resources */,
				8773C80526D5EC4D00816B18 /* Main.storyboard in Resources */,
			);
			runOnlyForDeploymentPostprocessing = 0;
		};
/* End PBXResourcesBuildPhase section */

/* Begin PBXSourcesBuildPhase section */
		8773C7F626D5EC4D00816B18 /* Sources */ = {
			isa = PBXSourcesBuildPhase;
			buildActionMask = 2147483647;
			files = (
				8773C81626D5F06C00816B18 /* WeatherTableViewCell.swift in Sources */,
				8773C80226D5EC4D00816B18 /* WeatherViewController.swift in Sources */,
				8773C81326D5EC6B00816B18 /* WeatherAPI.swift in Sources */,
				8773C7FE26D5EC4D00816B18 /* AppDelegate.swift in Sources */,
				87A3E4A526D6BE000010A722 /* WeatherEntities.swift in Sources */,
				8773C80026D5EC4D00816B18 /* SceneDelegate.swift in Sources */,
			);
			runOnlyForDeploymentPostprocessing = 0;
		};
/* End PBXSourcesBuildPhase section */

/* Begin PBXVariantGroup section */
		8773C80326D5EC4D00816B18 /* Main.storyboard */ = {
			isa = PBXVariantGroup;
			children = (
				8773C80426D5EC4D00816B18 /* Base */,
			);
			name = Main.storyboard;
			sourceTree = "<group>";
		};
		8773C80826D5EC4F00816B18 /* LaunchScreen.storyboard */ = {
			isa = PBXVariantGroup;
			children = (
				8773C80926D5EC4F00816B18 /* Base */,
			);
			name = LaunchScreen.storyboard;
			sourceTree = "<group>";
		};
/* End PBXVariantGroup section */

/* Begin XCBuildConfiguration section */
		8773C80C26D5EC4F00816B18 /* Debug */ = {
			isa = XCBuildConfiguration;
			buildSettings = {
				ALWAYS_SEARCH_USER_PATHS = NO;
				CLANG_ANALYZER_NONNULL = YES;
				CLANG_ANALYZER_NUMBER_OBJECT_CONVERSION = YES_AGGRESSIVE;
				CLANG_CXX_LANGUAGE_STANDARD = "gnu++14";
				CLANG_CXX_LIBRARY = "libc++";
				CLANG_ENABLE_MODULES = YES;
				CLANG_ENABLE_OBJC_ARC = YES;
				CLANG_ENABLE_OBJC_WEAK = YES;
				CLANG_WARN_BLOCK_CAPTURE_AUTORELEASING = YES;
				CLANG_WARN_BOOL_CONVERSION = YES;
				CLANG_WARN_COMMA = YES;
				CLANG_WARN_CONSTANT_CONVERSION = YES;
				CLANG_WARN_DEPRECATED_OBJC_IMPLEMENTATIONS = YES;
				CLANG_WARN_DIRECT_OBJC_ISA_USAGE = YES_ERROR;
				CLANG_WARN_DOCUMENTATION_COMMENTS = YES;
				CLANG_WARN_EMPTY_BODY = YES;
				CLANG_WARN_ENUM_CONVERSION = YES;
				CLANG_WARN_INFINITE_RECURSION = YES;
				CLANG_WARN_INT_CONVERSION = YES;
				CLANG_WARN_NON_LITERAL_NULL_CONVERSION = YES;
				CLANG_WARN_OBJC_IMPLICIT_RETAIN_SELF = YES;
				CLANG_WARN_OBJC_LITERAL_CONVERSION = YES;
				CLANG_WARN_OBJC_ROOT_CLASS = YES_ERROR;
				CLANG_WARN_QUOTED_INCLUDE_IN_FRAMEWORK_HEADER = YES;
				CLANG_WARN_RANGE_LOOP_ANALYSIS = YES;
				CLANG_WARN_STRICT_PROTOTYPES = YES;
				CLANG_WARN_SUSPICIOUS_MOVE = YES;
				CLANG_WARN_UNGUARDED_AVAILABILITY = YES_AGGRESSIVE;
				CLANG_WARN_UNREACHABLE_CODE = YES;
				CLANG_WARN__DUPLICATE_METHOD_MATCH = YES;
				COPY_PHASE_STRIP = NO;
				DEBUG_INFORMATION_FORMAT = dwarf;
				ENABLE_STRICT_OBJC_MSGSEND = YES;
				ENABLE_TESTABILITY = YES;
				GCC_C_LANGUAGE_STANDARD = gnu11;
				GCC_DYNAMIC_NO_PIC = NO;
				GCC_NO_COMMON_BLOCKS = YES;
				GCC_OPTIMIZATION_LEVEL = 0;
				GCC_PREPROCESSOR_DEFINITIONS = (
					"DEBUG=1",
					"$(inherited)",
				);
				GCC_WARN_64_TO_32_BIT_CONVERSION = YES;
				GCC_WARN_ABOUT_RETURN_TYPE = YES_ERROR;
				GCC_WARN_UNDECLARED_SELECTOR = YES;
				GCC_WARN_UNINITIALIZED_AUTOS = YES_AGGRESSIVE;
				GCC_WARN_UNUSED_FUNCTION = YES;
				GCC_WARN_UNUSED_VARIABLE = YES;
				IPHONEOS_DEPLOYMENT_TARGET = 14.3;
				MTL_ENABLE_DEBUG_INFO = INCLUDE_SOURCE;
				MTL_FAST_MATH = YES;
				ONLY_ACTIVE_ARCH = YES;
				SDKROOT = iphoneos;
				SWIFT_ACTIVE_COMPILATION_CONDITIONS = DEBUG;
				SWIFT_OPTIMIZATION_LEVEL = "-Onone";
			};
			name = Debug;
		};
		8773C80D26D5EC4F00816B18 /* Release */ = {
			isa = XCBuildConfiguration;
			buildSettings = {
				ALWAYS_SEARCH_USER_PATHS = NO;
				CLANG_ANALYZER_NONNULL = YES;
				CLANG_ANALYZER_NUMBER_OBJECT_CONVERSION = YES_AGGRESSIVE;
				CLANG_CXX_LANGUAGE_STANDARD = "gnu++14";
				CLANG_CXX_LIBRARY = "libc++";
				CLANG_ENABLE_MODULES = YES;
				CLANG_ENABLE_OBJC_ARC = YES;
				CLANG_ENABLE_OBJC_WEAK = YES;
				CLANG_WARN_BLOCK_CAPTURE_AUTORELEASING = YES;
				CLANG_WARN_BOOL_CONVERSION = YES;
				CLANG_WARN_COMMA = YES;
				CLANG_WARN_CONSTANT_CONVERSION = YES;
				CLANG_WARN_DEPRECATED_OBJC_IMPLEMENTATIONS = YES;
				CLANG_WARN_DIRECT_OBJC_ISA_USAGE = YES_ERROR;
				CLANG_WARN_DOCUMENTATION_COMMENTS = YES;
				CLANG_WARN_EMPTY_BODY = YES;
				CLANG_WARN_ENUM_CONVERSION = YES;
				CLANG_WARN_INFINITE_RECURSION = YES;
				CLANG_WARN_INT_CONVERSION = YES;
				CLANG_WARN_NON_LITERAL_NULL_CONVERSION = YES;
				CLANG_WARN_OBJC_IMPLICIT_RETAIN_SELF = YES;
				CLANG_WARN_OBJC_LITERAL_CONVERSION = YES;
				CLANG_WARN_OBJC_ROOT_CLASS = YES_ERROR;
				CLANG_WARN_QUOTED_INCLUDE_IN_FRAMEWORK_HEADER = YES;
				CLANG_WARN_RANGE_LOOP_ANALYSIS = YES;
				CLANG_WARN_STRICT_PROTOTYPES = YES;
				CLANG_WARN_SUSPICIOUS_MOVE = YES;
				CLANG_WARN_UNGUARDED_AVAILABILITY = YES_AGGRESSIVE;
				CLANG_WARN_UNREACHABLE_CODE = YES;
				CLANG_WARN__DUPLICATE_METHOD_MATCH = YES;
				COPY_PHASE_STRIP = NO;
				DEBUG_INFORMATION_FORMAT = "dwarf-with-dsym";
				ENABLE_NS_ASSERTIONS = NO;
				ENABLE_STRICT_OBJC_MSGSEND = YES;
				GCC_C_LANGUAGE_STANDARD = gnu11;
				GCC_NO_COMMON_BLOCKS = YES;
				GCC_WARN_64_TO_32_BIT_CONVERSION = YES;
				GCC_WARN_ABOUT_RETURN_TYPE = YES_ERROR;
				GCC_WARN_UNDECLARED_SELECTOR = YES;
				GCC_WARN_UNINITIALIZED_AUTOS = YES_AGGRESSIVE;
				GCC_WARN_UNUSED_FUNCTION = YES;
				GCC_WARN_UNUSED_VARIABLE = YES;
				IPHONEOS_DEPLOYMENT_TARGET = 14.3;
				MTL_ENABLE_DEBUG_INFO = NO;
				MTL_FAST_MATH = YES;
				SDKROOT = iphoneos;
				SWIFT_COMPILATION_MODE = wholemodule;
				SWIFT_OPTIMIZATION_LEVEL = "-O";
				VALIDATE_PRODUCT = YES;
			};
			name = Release;
		};
		8773C80F26D5EC4F00816B18 /* Debug */ = {
			isa = XCBuildConfiguration;
			buildSettings = {
				ASSETCATALOG_COMPILER_APPICON_NAME = AppIcon;
				ASSETCATALOG_COMPILER_GLOBAL_ACCENT_COLOR_NAME = AccentColor;
				CODE_SIGN_STYLE = Automatic;
				INFOPLIST_FILE = WeatherApp/Info.plist;
				LD_RUNPATH_SEARCH_PATHS = (
					"$(inherited)",
					"@executable_path/Frameworks",
				);
				PRODUCT_BUNDLE_IDENTIFIER = fzapata.WeatherApp;
				PRODUCT_NAME = "$(TARGET_NAME)";
				SWIFT_VERSION = 5.0;
				TARGETED_DEVICE_FAMILY = "1,2";
			};
			name = Debug;
		};
		8773C81026D5EC4F00816B18 /* Release */ = {
			isa = XCBuildConfiguration;
			buildSettings = {
				ASSETCATALOG_COMPILER_APPICON_NAME = AppIcon;
				ASSETCATALOG_COMPILER_GLOBAL_ACCENT_COLOR_NAME = AccentColor;
				CODE_SIGN_STYLE = Automatic;
				INFOPLIST_FILE = WeatherApp/Info.plist;
				LD_RUNPATH_SEARCH_PATHS = (
					"$(inherited)",
					"@executable_path/Frameworks",
				);
				PRODUCT_BUNDLE_IDENTIFIER = fzapata.WeatherApp;
				PRODUCT_NAME = "$(TARGET_NAME)";
				SWIFT_VERSION = 5.0;
				TARGETED_DEVICE_FAMILY = "1,2";
			};
			name = Release;
		};
/* End XCBuildConfiguration section */

/* Begin XCConfigurationList section */
		8773C7F526D5EC4D00816B18 /* Build configuration list for PBXProject "WeatherApp" */ = {
			isa = XCConfigurationList;
			buildConfigurations = (
				8773C80C26D5EC4F00816B18 /* Debug */,
				8773C80D26D5EC4F00816B18 /* Release */,
			);
			defaultConfigurationIsVisible = 0;
			defaultConfigurationName = Release;
		};
		8773C80E26D5EC4F00816B18 /* Build configuration list for PBXNativeTarget "WeatherApp" */ = {
			isa = XCConfigurationList;
			buildConfigurations = (
				8773C80F26D5EC4F00816B18 /* Debug */,
				8773C81026D5EC4F00816B18 /* Release */,
			);
			defaultConfigurationIsVisible = 0;
			defaultConfigurationName = Release;
		};
/* End XCConfigurationList section */
	};
	rootObject = 8773C7F226D5EC4D00816B18 /* Project object */;
}
